
Microsoft Visual Studio Solution File, Format Version 12.00
# Visual Studio Version 17
VisualStudioVersion = 17.5.33516.290
MinimumVisualStudioVersion = 10.0.40219.1
Project("{9A19103F-16F7-4668-BE54-9A1E7A4F7556}") = "APILabb", "Labb3API\APILabb.csproj", "{4B6DDF0A-D854-4F92-942B-8A990CD5C3DD}"
EndProject
Project("{FAE04EC0-301F-11D3-BF4B-00C04F79EFBC}") = "InterestWeb", "InterestWeb\InterestWeb.csproj", "{994E55F7-8B24-4F06-8477-4F27948E734E}"
EndProject
Project("{FAE04EC0-301F-11D3-BF4B-00C04F79EFBC}") = "Interest_Utility", "Interest_Utility\Interest_Utility.csproj", "{30E4457D-1D48-4BE1-9E28-D0C6A66F4EA2}"
EndProject
Global
	GlobalSection(SolutionConfigurationPlatforms) = preSolution
		Debug|Any CPU = Debug|Any CPU
		Release|Any CPU = Release|Any CPU
	EndGlobalSection
	GlobalSection(ProjectConfigurationPlatforms) = postSolution
		{4B6DDF0A-D854-4F92-942B-8A990CD5C3DD}.Debug|Any CPU.ActiveCfg = Debug|Any CPU
		{4B6DDF0A-D854-4F92-942B-8A990CD5C3DD}.Debug|Any CPU.Build.0 = Debug|Any CPU
		{4B6DDF0A-D854-4F92-942B-8A990CD5C3DD}.Release|Any CPU.ActiveCfg = Release|Any CPU
		{4B6DDF0A-D854-4F92-942B-8A990CD5C3DD}.Release|Any CPU.Build.0 = Release|Any CPU
		{994E55F7-8B24-4F06-8477-4F27948E734E}.Debug|Any CPU.ActiveCfg = Debug|Any CPU
		{994E55F7-8B24-4F06-8477-4F27948E734E}.Debug|Any CPU.Build.0 = Debug|Any CPU
		{994E55F7-8B24-4F06-8477-4F27948E734E}.Release|Any CPU.ActiveCfg = Release|Any CPU
		{994E55F7-8B24-4F06-8477-4F27948E734E}.Release|Any CPU.Build.0 = Release|Any CPU
		{30E4457D-1D48-4BE1-9E28-D0C6A66F4EA2}.Debug|Any CPU.ActiveCfg = Debug|Any CPU
		{30E4457D-1D48-4BE1-9E28-D0C6A66F4EA2}.Debug|Any CPU.Build.0 = Debug|Any CPU
		{30E4457D-1D48-4BE1-9E28-D0C6A66F4EA2}.Release|Any CPU.ActiveCfg = Release|Any CPU
		{30E4457D-1D48-4BE1-9E28-D0C6A66F4EA2}.Release|Any CPU.Build.0 = Release|Any CPU
	EndGlobalSection
	GlobalSection(SolutionProperties) = preSolution
		HideSolutionNode = FALSE
	EndGlobalSection
	GlobalSection(ExtensibilityGlobals) = postSolution
		SolutionGuid = {C0AE82BC-368B-4458-B24F-31AAC0C41E00}
	EndGlobalSection
EndGlobal
